{
  "name": "zoomattender",
  "lockfileVersion": 2,
  "requires": true,
  "packages": {
    "": {
      "dependencies": {
        "@tauri-apps/api": "^1.0.0-rc.3"
      }
    },
    "node_modules/@tauri-apps/api": {
      "version": "1.0.0-rc.3",
      "resolved": "https://registry.npmjs.org/@tauri-apps/api/-/api-1.0.0-rc.3.tgz",
      "integrity": "sha512-/ZbyBjuUoU6mYm8RzibIUvVuJ31ZwYA2+fTRl7FF4LVFhzCVJ1YI1BS5ohGb2GsLNmLpfeo7kDHaIhV2uaOchQ==",
      "dependencies": {
        "type-fest": "2.12.1"
      },
      "engines": {
        "node": ">= 12.13.0",
        "npm": ">= 6.6.0",
        "yarn": ">= 1.19.1"
      },
      "funding": {
        "type": "opencollective",
        "url": "https://opencollective.com/tauri"
      }
    },
    "node_modules/type-fest": {
      "version": "2.12.1",
      "resolved": "https://registry.npmjs.org/type-fest/-/type-fest-2.12.1.tgz",
      "integrity": "sha512-AiknQSEqKVGDDjtZqeKrUoTlcj7FKhupmnVUgz6KoOKtvMwRGE6hUNJ/nVear+h7fnUPO1q/htSkYKb1pyntkQ==",
      "engines": {
        "node": ">=12.20"
      },
      "funding": {
        "url": "https://github.com/sponsors/sindresorhus"
      }
    }
  },
  "dependencies": {
    "@tauri-apps/api": {
      "version": "1.0.0-rc.3",
      "resolved": "https://registry.npmjs.org/@tauri-apps/api/-/api-1.0.0-rc.3.tgz",
      "integrity": "sha512-/ZbyBjuUoU6mYm8RzibIUvVuJ31ZwYA2+fTRl7FF4LVFhzCVJ1YI1BS5ohGb2GsLNmLpfeo7kDHaIhV2uaOchQ==",
      "requires": {
        "type-fest": "2.12.1"
      }
    },
    "type-fest": {
      "version": "2.12.1",
      "resolved": "https://registry.npmjs.org/type-fest/-/type-fest-2.12.1.tgz",
      "integrity": "sha512-AiknQSEqKVGDDjtZqeKrUoTlcj7FKhupmnVUgz6KoOKtvMwRGE6hUNJ/nVear+h7fnUPO1q/htSkYKb1pyntkQ=="
    }
  }
}
